// !$*UTF8*$!
{
	archiveVersion = 1;
	classes = {
	};
	objectVersion = 77;
	objects = {

/* Begin PBXBuildFile section */
		2A0934852EE09352006E33C9 /* territoryToolIcon.icon in Resources */ = {isa = PBXBuildFile; fileRef = 2A0934842EE09352006E33C9 /* territoryToolIcon.icon */; };
		2A473E712FE4555F00437EAC /* TerritoryToolnewIcon.icon in Resources */ = {isa = PBXBuildFile; fileRef = 2A473E702FE4555F00437EAC /* TerritoryToolnewIcon.icon */; };
		2A5B90D32EE0E82200872A33 /* Nuke in Frameworks */ = {isa = PBXBuildFile; productRef = 2A5B90D22EE0E82200872A33 /* Nuke */; };
		2A5B90D52EE0E82200872A33 /* NukeExtensions in Frameworks */ = {isa = PBXBuildFile; productRef = 2A5B90D42EE0E82200872A33 /* NukeExtensions */; };
		2A5B90D72EE0E82200872A33 /* NukeUI in Frameworks */ = {isa = PBXBuildFile; productRef = 2A5B90D62EE0E82200872A33 /* NukeUI */; };
		2A5B90F12EE1EEFA00872A33 /* SystemNotification in Frameworks */ = {isa = PBXBuildFile; productRef = 2A5B90F02EE1EEFA00872A33 /* SystemNotification */; };
		2ACF3E1A2EE3349B0051F0C1 /* LazySwipeActions in Frameworks */ = {isa = PBXBuildFile; productRef = 2ACF3E192EE3349B0051F0C1 /* LazySwipeActions */; };
/* End PBXBuildFile section */

/* Begin PBXFileReference section */
		2A0934192EE06355006E33C9 /* TerritoryTool.app */ = {isa = PBXFileReference; explicitFileType = wrapper.application; includeInIndex = 0; path = TerritoryTool.app; sourceTree = BUILT_PRODUCTS_DIR; };
		2A0934842EE09352006E33C9 /* territoryToolIcon.icon */ = {isa = PBXFileReference; lastKnownFileType = folder.iconcomposer.icon; path = territoryToolIcon.icon; sourceTree = "<group>"; };
		2A473E702FE4555F00437EAC /* TerritoryToolnewIcon.icon */ = {isa = PBXFileReference; lastKnownFileType = folder.iconcomposer.icon; path = TerritoryToolnewIcon.icon; sourceTree = "<group>"; };
/* End PBXFileReference section */

/* Begin PBXFileSystemSynchronizedRootGroup section */
		2A09341B2EE06355006E33C9 /* TerritoryTool */ = {
			isa = PBXFileSystemSynchronizedRootGroup;
			path = TerritoryTool;
			sourceTree = "<group>";
		};
/* End PBXFileSystemSynchronizedRootGroup section */

/* Begin PBXFrameworksBuildPhase section */
		2A0934162EE06355006E33C9 /* Frameworks */ = {
			isa = PBXFrameworksBuildPhase;
			buildActionMask = 2147483647;
			files = (
				2A5B90D72EE0E82200872A33 /* NukeUI in Frameworks */,
				2ACF3E1A2EE3349B0051F0C1 /* LazySwipeActions in Frameworks */,
				2A5B90D32EE0E82200872A33 /* Nuke in Frameworks */,
				2A5B90F12EE1EEFA00872A33 /* SystemNotification in Frameworks */,
				2A5B90D52EE0E82200872A33 /* NukeExtensions in Frameworks */,
			);
			runOnlyForDeploymentPostprocessing = 0;
		};
/* End PBXFrameworksBuildPhase section */

/* Begin PBXGroup section */
		2A0934102EE06355006E33C9 = {
			isa = PBXGroup;
			children = (
				2A09341B2EE06355006E33C9 /* TerritoryTool */,
				2A09341A2EE06355006E33C9 /* Products */,
				2A0934842EE09352006E33C9 /* territoryToolIcon.icon */,
				2A473E702FE4555F00437EAC /* TerritoryToolnewIcon.icon */,
			);
			sourceTree = "<group>";
		};
		2A09341A2EE06355006E33C9 /* Products */ = {
			isa = PBXGroup;
			children = (
				2A0934192EE06355006E33C9 /* TerritoryTool.app */,
			);
			name = Products;
			sourceTree = "<group>";
		};
/* End PBXGroup section */

/* Begin PBXNativeTarget section */
		2A0934182EE06355006E33C9 /* TerritoryTool */ = {
			isa = PBXNativeTarget;
			buildConfigurationList = 2A0934242EE06356006E33C9 /* Build configuration list for PBXNativeTarget "TerritoryTool" */;
			buildPhases = (
				2A0934152EE06355006E33C9 /* Sources */,
				2A0934162EE06355006E33C9 /* Frameworks */,
				2A0934172EE06355006E33C9 /* Resources */,
			);
			buildRules = (
			);
			dependencies = (
			);
			fileSystemSynchronizedGroups = (
				2A09341B2EE06355006E33C9 /* TerritoryTool */,
			);
			name = TerritoryTool;
			packageProductDependencies = (
				2A5B90D22EE0E82200872A33 /* Nuke */,
				2A5B90D42EE0E82200872A33 /* NukeExtensions */,
				2A5B90D62EE0E82200872A33 /* NukeUI */,
				2A5B90F02EE1EEFA00872A33 /* SystemNotification */,
				2ACF3E192EE3349B0051F0C1 /* LazySwipeActions */,
			);
			productName = TerritoryTool;
			productReference = 2A0934192EE06355006E33C9 /* TerritoryTool.app */;
			productType = "com.apple.product-type.application";
		};
/* End PBXNativeTarget section */

/* Begin PBXProject section */
		2A0934112EE06355006E33C9 /* Project object */ = {
			isa = PBXProject;
			attributes = {
				BuildIndependentTargetsInParallel = 1;
				LastSwiftUpdateCheck = 2610;
				LastUpgradeCheck = 2610;
				TargetAttributes = {
					2A0934182EE06355006E33C9 = {
						CreatedOnToolsVersion = 26.1.1;
					};
				};
			};
			buildConfigurationList = 2A0934142EE06355006E33C9 /* Build configuration list for PBXProject "TerritoryTool" */;
			developmentRegion = en;
			hasScannedForEncodings = 0;
			knownRegions = (
				en,
				Base,
				es,
			);
			mainGroup = 2A0934102EE06355006E33C9;
			minimizedProjectReferenceProxies = 1;
			packageReferences = (
				2A5B90D12EE0E82100872A33 /* XCRemoteSwiftPackageReference "Nuke" */,
				2A5B90EF2EE1EEFA00872A33 /* XCRemoteSwiftPackageReference "SystemNotification" */,
				2ACF3E182EE3349B0051F0C1 /* XCRemoteSwiftPackageReference "LazySwipeActions" */,
			);
			preferredProjectObjectVersion = 77;
			productRefGroup = 2A09341A2EE06355006E33C9 /* Products */;
			projectDirPath = "";
			projectRoot = "";
			targets = (
				2A0934182EE06355006E33C9 /* TerritoryTool */,
			);
		};
/* End PBXProject section */

/* Begin PBXResourcesBuildPhase section */
		2A0934172EE06355006E33C9 /* Resources */ = {
			isa = PBXResourcesBuildPhase;
			buildActionMask = 2147483647;
			files = (
				2A0934852EE09352006E33C9 /* territoryToolIcon.icon in Resources */,
				2A473E712FE4555F00437EAC /* TerritoryToolnewIcon.icon in Resources */,
			);
			runOnlyForDeploymentPostprocessing = 0;
		};
/* End PBXResourcesBuildPhase section */

/* Begin PBXSourcesBuildPhase section */
		2A0934152EE06355006E33C9 /* Sources */ = {
			isa = PBXSourcesBuildPhase;
			buildActionMask = 2147483647;
			files = (
			);
			runOnlyForDeploymentPostprocessing = 0;
		};
/* End PBXSourcesBuildPhase section */

/* Begin XCBuildConfiguration section */
		2A0934222EE06356006E33C9 /* Debug */ = {
			isa = XCBuildConfiguration;
			buildSettings = {
				ALWAYS_SEARCH_USER_PATHS = NO;
				ASSETCATALOG_COMPILER_GENERATE_SWIFT_ASSET_SYMBOL_EXTENSIONS = YES;
				CLANG_ANALYZER_NONNULL = YES;
				CLANG_ANALYZER_NUMBER_OBJECT_CONVERSION = YES_AGGRESSIVE;
				CLANG_CXX_LANGUAGE_STANDARD = "gnu++20";
				CLANG_ENABLE_MODULES = YES;
				CLANG_ENABLE_OBJC_ARC = YES;
				CLANG_ENABLE_OBJC_WEAK = YES;
				CLANG_WARN_BLOCK_CAPTURE_AUTORELEASING = YES;
				CLANG_WARN_BOOL_CONVERSION = YES;
				CLANG_WARN_COMMA = YES;
				CLANG_WARN_CONSTANT_CONVERSION = YES;
				CLANG_WARN_DEPRECATED_OBJC_IMPLEMENTATIONS = YES;
				CLANG_WARN_DIRECT_OBJC_ISA_USAGE = YES_ERROR;
				CLANG_WARN_DOCUMENTATION_COMMENTS = YES;
				CLANG_WARN_EMPTY_BODY = YES;
				CLANG_WARN_ENUM_CONVERSION = YES;
				CLANG_WARN_INFINITE_RECURSION = YES;
				CLANG_WARN_INT_CONVERSION = YES;
				CLANG_WARN_NON_LITERAL_NULL_CONVERSION = YES;
				CLANG_WARN_OBJC_IMPLICIT_RETAIN_SELF = YES;
				CLANG_WARN_OBJC_LITERAL_CONVERSION = YES;
				CLANG_WARN_OBJC_ROOT_CLASS = YES_ERROR;
				CLANG_WARN_QUOTED_INCLUDE_IN_FRAMEWORK_HEADER = YES;
				CLANG_WARN_RANGE_LOOP_ANALYSIS = YES;
				CLANG_WARN_STRICT_PROTOTYPES = YES;
				CLANG_WARN_SUSPICIOUS_MOVE = YES;
				CLANG_WARN_UNGUARDED_AVAILABILITY = YES_AGGRESSIVE;
				CLANG_WARN_UNREACHABLE_CODE = YES;
				CLANG_WARN__DUPLICATE_METHOD_MATCH = YES;
				COPY_PHASE_STRIP = NO;
				DEBUG_INFORMATION_FORMAT = dwarf;
				DEVELOPMENT_TEAM = 6BEY9XYCSJ;
				ENABLE_STRICT_OBJC_MSGSEND = YES;
				ENABLE_TESTABILITY = YES;
				ENABLE_USER_SCRIPT_SANDBOXING = YES;
				GCC_C_LANGUAGE_STANDARD = gnu17;
				GCC_DYNAMIC_NO_PIC = NO;
				GCC_NO_COMMON_BLOCKS = YES;
				GCC_OPTIMIZATION_LEVEL = 0;
				GCC_PREPROCESSOR_DEFINITIONS = (
					"DEBUG=1",
					"$(inherited)",
				);
				GCC_WARN_64_TO_32_BIT_CONVERSION = YES;
				GCC_WARN_ABOUT_RETURN_TYPE = YES_ERROR;
				GCC_WARN_UNDECLARED_SELECTOR = YES;
				GCC_WARN_UNINITIALIZED_AUTOS = YES_AGGRESSIVE;
				GCC_WARN_UNUSED_FUNCTION = YES;
				GCC_WARN_UNUSED_VARIABLE = YES;
				IPHONEOS_DEPLOYMENT_TARGET = 26.1;
				LOCALIZATION_PREFERS_STRING_CATALOGS = YES;
				MTL_ENABLE_DEBUG_INFO = INCLUDE_SOURCE;
				MTL_FAST_MATH = YES;
				ONLY_ACTIVE_ARCH = YES;
				SDKROOT = iphoneos;
				SWIFT_ACTIVE_COMPILATION_CONDITIONS = "DEBUG $(inherited)";
				SWIFT_OPTIMIZATION_LEVEL = "-Onone";
			};
			name = Debug;
		};
		2A0934232EE06356006E33C9 /* Release */ = {
			isa = XCBuildConfiguration;
			buildSettings = {
				ALWAYS_SEARCH_USER_PATHS = NO;
				ASSETCATALOG_COMPILER_GENERATE_SWIFT_ASSET_SYMBOL_EXTENSIONS = YES;
				CLANG_ANALYZER_NONNULL = YES;
				CLANG_ANALYZER_NUMBER_OBJECT_CONVERSION = YES_AGGRESSIVE;
				CLANG_CXX_LANGUAGE_STANDARD = "gnu++20";
				CLANG_ENABLE_MODULES = YES;
				CLANG_ENABLE_OBJC_ARC = YES;
				CLANG_ENABLE_OBJC_WEAK = YES;
				CLANG_WARN_BLOCK_CAPTURE_AUTORELEASING = YES;
				CLANG_WARN_BOOL_CONVERSION = YES;
				CLANG_WARN_COMMA = YES;
				CLANG_WARN_CONSTANT_CONVERSION = YES;
				CLANG_WARN_DEPRECATED_OBJC_IMPLEMENTATIONS = YES;
				CLANG_WARN_DIRECT_OBJC_ISA_USAGE = YES_ERROR;
				CLANG_WARN_DOCUMENTATION_COMMENTS = YES;
				CLANG_WARN_EMPTY_BODY = YES;
				CLANG_WARN_ENUM_CONVERSION = YES;
				CLANG_WARN_INFINITE_RECURSION = YES;
				CLANG_WARN_INT_CONVERSION = YES;
				CLANG_WARN_NON_LITERAL_NULL_CONVERSION = YES;
				CLANG_WARN_OBJC_IMPLICIT_RETAIN_SELF = YES;
				CLANG_WARN_OBJC_LITERAL_CONVERSION = YES;
				CLANG_WARN_OBJC_ROOT_CLASS = YES_ERROR;
				CLANG_WARN_QUOTED_INCLUDE_IN_FRAMEWORK_HEADER = YES;
				CLANG_WARN_RANGE_LOOP_ANALYSIS = YES;
				CLANG_WARN_STRICT_PROTOTYPES = YES;
				CLANG_WARN_SUSPICIOUS_MOVE = YES;
				CLANG_WARN_UNGUARDED_AVAILABILITY = YES_AGGRESSIVE;
				CLANG_WARN_UNREACHABLE_CODE = YES;
				CLANG_WARN__DUPLICATE_METHOD_MATCH = YES;
				COPY_PHASE_STRIP = NO;
				DEBUG_INFORMATION_FORMAT = "dwarf-with-dsym";
				DEVELOPMENT_TEAM = 6BEY9XYCSJ;
				ENABLE_NS_ASSERTIONS = NO;
				ENABLE_STRICT_OBJC_MSGSEND = YES;
				ENABLE_USER_SCRIPT_SANDBOXING = YES;
				GCC_C_LANGUAGE_STANDARD = gnu17;
				GCC_NO_COMMON_BLOCKS = YES;
				GCC_WARN_64_TO_32_BIT_CONVERSION = YES;
				GCC_WARN_ABOUT_RETURN_TYPE = YES_ERROR;
				GCC_WARN_UNDECLARED_SELECTOR = YES;
				GCC_WARN_UNINITIALIZED_AUTOS = YES_AGGRESSIVE;
				GCC_WARN_UNUSED_FUNCTION = YES;
				GCC_WARN_UNUSED_VARIABLE = YES;
				IPHONEOS_DEPLOYMENT_TARGET = 26.1;
				LOCALIZATION_PREFERS_STRING_CATALOGS = YES;
				MTL_ENABLE_DEBUG_INFO = NO;
				MTL_FAST_MATH = YES;
				SDKROOT = iphoneos;
				SWIFT_COMPILATION_MODE = wholemodule;
				VALIDATE_PRODUCT = YES;
			};
			name = Release;
		};
		2A0934252EE06356006E33C9 /* Debug */ = {
			isa = XCBuildConfiguration;
			buildSettings = {
				ASSETCATALOG_COMPILER_APPICON_NAME = TerritoryToolnewIcon;
				ASSETCATALOG_COMPILER_GLOBAL_ACCENT_COLOR_NAME = AccentColor;
				ASSETCATALOG_COMPILER_INCLUDE_ALL_APPICON_ASSETS = YES;
				CODE_SIGN_IDENTITY = "Apple Development";
				CODE_SIGN_STYLE = Automatic;
				CURRENT_PROJECT_VERSION = 1;
				DEVELOPMENT_TEAM = 6BEY9XYCSJ;
				ENABLE_PREVIEWS = YES;
				GENERATE_INFOPLIST_FILE = NO;
				INFOPLIST_FILE = Info.plist;
				IPHONEOS_DEPLOYMENT_TARGET = 26.0;
				LD_RUNPATH_SEARCH_PATHS = (
					"$(inherited)",
					"@executable_path/Frameworks",
				);
				MARKETING_VERSION = 2.3;
				PRODUCT_BUNDLE_IDENTIFIER = com.jared.TerritoryTool;
				PRODUCT_NAME = "$(TARGET_NAME)";
				PROVISIONING_PROFILE_SPECIFIER = "";
				STRING_CATALOG_GENERATE_SYMBOLS = YES;
				SWIFT_APPROACHABLE_CONCURRENCY = YES;
				SWIFT_DEFAULT_ACTOR_ISOLATION = MainActor;
				SWIFT_EMIT_LOC_STRINGS = YES;
				SWIFT_UPCOMING_FEATURE_MEMBER_IMPORT_VISIBILITY = YES;
				SWIFT_VERSION = 5.0;
				TARGETED_DEVICE_FAMILY = "1,2";
			};
			name = Debug;
		};
		2A0934262EE06356006E33C9 /* Release */ = {
			isa = XCBuildConfiguration;
			buildSettings = {
				ASSETCATALOG_COMPILER_APPICON_NAME = TerritoryToolnewIcon;
				ASSETCATALOG_COMPILER_GLOBAL_ACCENT_COLOR_NAME = AccentColor;
				ASSETCATALOG_COMPILER_INCLUDE_ALL_APPICON_ASSETS = YES;
				CODE_SIGN_IDENTITY = "Apple Development";
				CODE_SIGN_STYLE = Automatic;
				CURRENT_PROJECT_VERSION = 1;
				DEVELOPMENT_TEAM = 6BEY9XYCSJ;
				ENABLE_PREVIEWS = YES;
				GENERATE_INFOPLIST_FILE = NO;
				INFOPLIST_FILE = Info.plist;
				IPHONEOS_DEPLOYMENT_TARGET = 26.0;
				LD_RUNPATH_SEARCH_PATHS = (
					"$(inherited)",
					"@executable_path/Frameworks",
				);
				MARKETING_VERSION = 2.3;
				PRODUCT_BUNDLE_IDENTIFIER = com.jared.TerritoryTool;
				PRODUCT_NAME = "$(TARGET_NAME)";
				PROVISIONING_PROFILE_SPECIFIER = "";
				STRING_CATALOG_GENERATE_SYMBOLS = YES;
				SWIFT_APPROACHABLE_CONCURRENCY = YES;
				SWIFT_DEFAULT_ACTOR_ISOLATION = MainActor;
				SWIFT_EMIT_LOC_STRINGS = YES;
				SWIFT_UPCOMING_FEATURE_MEMBER_IMPORT_VISIBILITY = YES;
				SWIFT_VERSION = 5.0;
				TARGETED_DEVICE_FAMILY = "1,2";
			};
			name = Release;
		};
/* End XCBuildConfiguration section */

/* Begin XCConfigurationList section */
		2A0934142EE06355006E33C9 /* Build configuration list for PBXProject "TerritoryTool" */ = {
			isa = XCConfigurationList;
			buildConfigurations = (
				2A0934222EE06356006E33C9 /* Debug */,
				2A0934232EE06356006E33C9 /* Release */,
			);
			defaultConfigurationIsVisible = 0;
			defaultConfigurationName = Release;
		};
		2A0934242EE06356006E33C9 /* Build configuration list for PBXNativeTarget "TerritoryTool" */ = {
			isa = XCConfigurationList;
			buildConfigurations = (
				2A0934252EE06356006E33C9 /* Debug */,
				2A0934262EE06356006E33C9 /* Release */,
			);
			defaultConfigurationIsVisible = 0;
			defaultConfigurationName = Release;
		};
/* End XCConfigurationList section */

/* Begin XCRemoteSwiftPackageReference section */
		2A5B90D12EE0E82100872A33 /* XCRemoteSwiftPackageReference "Nuke" */ = {
			isa = XCRemoteSwiftPackageReference;
			repositoryURL = "https://github.com/kean/Nuke.git";
			requirement = {
				kind = upToNextMajorVersion;
				minimumVersion = 12.8.0;
			};
		};
		2A5B90EF2EE1EEFA00872A33 /* XCRemoteSwiftPackageReference "SystemNotification" */ = {
			isa = XCRemoteSwiftPackageReference;
			repositoryURL = "https://github.com/danielsaidi/SystemNotification.git";
			requirement = {
				kind = upToNextMajorVersion;
				minimumVersion = 1.4.0;
			};
		};
		2ACF3E182EE3349B0051F0C1 /* XCRemoteSwiftPackageReference "LazySwipeActions" */ = {
			isa = XCRemoteSwiftPackageReference;
			repositoryURL = "https://github.com/gorpello/LazySwipeActions";
			requirement = {
				branch = main;
				kind = branch;
			};
		};
/* End XCRemoteSwiftPackageReference section */

/* Begin XCSwiftPackageProductDependency section */
		2A5B90D22EE0E82200872A33 /* Nuke */ = {
			isa = XCSwiftPackageProductDependency;
			package = 2A5B90D12EE0E82100872A33 /* XCRemoteSwiftPackageReference "Nuke" */;
			productName = Nuke;
		};
		2A5B90D42EE0E82200872A33 /* NukeExtensions */ = {
			isa = XCSwiftPackageProductDependency;
			package = 2A5B90D12EE0E82100872A33 /* XCRemoteSwiftPackageReference "Nuke" */;
			productName = NukeExtensions;
		};
		2A5B90D62EE0E82200872A33 /* NukeUI */ = {
			isa = XCSwiftPackageProductDependency;
			package = 2A5B90D12EE0E82100872A33 /* XCRemoteSwiftPackageReference "Nuke" */;
			productName = NukeUI;
		};
		2A5B90F02EE1EEFA00872A33 /* SystemNotification */ = {
			isa = XCSwiftPackageProductDependency;
			package = 2A5B90EF2EE1EEFA00872A33 /* XCRemoteSwiftPackageReference "SystemNotification" */;
			productName = SystemNotification;
		};
		2ACF3E192EE3349B0051F0C1 /* LazySwipeActions */ = {
			isa = XCSwiftPackageProductDependency;
			package = 2ACF3E182EE3349B0051F0C1 /* XCRemoteSwiftPackageReference "LazySwipeActions" */;
			productName = LazySwipeActions;
		};
/* End XCSwiftPackageProductDependency section */
	};
	rootObject = 2A0934112EE06355006E33C9 /* Project object */;
}
