{
  "originHash" : "3e84398ea57595fa5be83c541943699cf69baa3a5682a54c44f64833c23aa801",
  "pins" : [
    {
      "identity" : "lazyswipeactions",
      "kind" : "remoteSourceControl",
      "location" : "https://github.com/gorpello/LazySwipeActions",
      "state" : {
        "branch" : "main",
        "revision" : "b40a63c419b700725120dba0336ce0490b8c7395"
      }
    },
    {
      "identity" : "nuke",
      "kind" : "remoteSourceControl",
      "location" : "https://github.com/kean/Nuke.git",
      "state" : {
        "revision" : "0ead44350d2737db384908569c012fe67c421e4d",
        "version" : "12.8.0"
      }
    },
    {
      "identity" : "systemnotification",
      "kind" : "remoteSourceControl",
      "location" : "https://github.com/danielsaidi/SystemNotification.git",
      "state" : {
        "revision" : "31a63e5674d8ca0b4ae646142a7a53c50b1937fa",
        "version" : "1.4.0"
      }
    }
  ],
  "version" : 3
}
